PODS:
  - PerformanceSuite (1.2.5)
  - PerformanceSuite/PerformanceApp (1.2.5)
  - PerformanceSuite/Tests (1.2.5)
  - PerformanceSuite/UITests (1.2.5):
    - PerformanceSuite/PerformanceApp
  - SwiftLint (0.54.0)

DEPENDENCIES:
  - PerformanceSuite (from `.`)
  - PerformanceSuite/PerformanceApp (from `.`)
  - PerformanceSuite/Tests (from `.`)
  - PerformanceSuite/UITests (from `.`)
  - SwiftLint

SPEC REPOS:
  trunk:
    - SwiftLint

EXTERNAL SOURCES:
  PerformanceSuite:
    :path: "."

SPEC CHECKSUMS:
  PerformanceSuite: 19472790a8dd6c86572228ea9de375dc04c4a37d
  SwiftLint: c1de071d9d08c8aba837545f6254315bc900e211

PODFILE CHECKSUM: 70b22e33cd26cc774ccfd25e004d7203ce7f2e6d

COCOAPODS: 1.14.3
