PODS:
  - GCDWebServer (3.5.4):
    - GCDWebServer/Core (= 3.5.4)
  - GCDWebServer/Core (3.5.4)
  - PerformanceSuite (1.4.0)
  - PerformanceSuite/PerformanceApp (1.4.0):
    - GCDWebServer
  - PerformanceSuite/Tests (1.4.0)
  - PerformanceSuite/UITests (1.4.0):
    - GCDWebServer
    - PerformanceSuite/PerformanceApp
  - SwiftLint (0.54.0)

DEPENDENCIES:
  - PerformanceSuite (from `.`)
  - PerformanceSuite/PerformanceApp (from `.`)
  - PerformanceSuite/Tests (from `.`)
  - PerformanceSuite/UITests (from `.`)
  - SwiftLint

SPEC REPOS:
  trunk:
    - GCDWebServer
    - SwiftLint

EXTERNAL SOURCES:
  PerformanceSuite:
    :path: "."

SPEC CHECKSUMS:
  GCDWebServer: 2c156a56c8226e2d5c0c3f208a3621ccffbe3ce4
  PerformanceSuite: 8ec9a93e1552a15cc870632bdeb57c09071dba8b
  SwiftLint: c1de071d9d08c8aba837545f6254315bc900e211

PODFILE CHECKSUM: 5aa3b5f2ace39bfa37a4afead6fd965c443bc6f4

COCOAPODS: 1.15.2
